
Microsoft Visual Studio Solution File, Format Version 12.00
# Visual Studio Version 16
VisualStudioVersion = 16.0.31019.35
MinimumVisualStudioVersion = 10.0.40219.1
Project("{9A19103F-16F7-4668-BE54-9A1E7A4F7556}") = "RepositoryServicePattern", "RepositoryServicePattern.csproj", "{9BD8C85A-A41B-4A14-8791-DD3A2E3412FF}"
EndProject
Global
	GlobalSection(SolutionConfigurationPlatforms) = preSolution
		Debug|Any CPU = Debug|Any CPU
		Release|Any CPU = Release|Any CPU
	EndGlobalSection
	GlobalSection(ProjectConfigurationPlatforms) = postSolution
		{9BD8C85A-A41B-4A14-8791-DD3A2E3412FF}.Debug|Any CPU.ActiveCfg = Debug|Any CPU
		{9BD8C85A-A41B-4A14-8791-DD3A2E3412FF}.Debug|Any CPU.Build.0 = Debug|Any CPU
		{9BD8C85A-A41B-4A14-8791-DD3A2E3412FF}.Release|Any CPU.ActiveCfg = Release|Any CPU
		{9BD8C85A-A41B-4A14-8791-DD3A2E3412FF}.Release|Any CPU.Build.0 = Release|Any CPU
	EndGlobalSection
	GlobalSection(SolutionProperties) = preSolution
		HideSolutionNode = FALSE
	EndGlobalSection
	GlobalSection(ExtensibilityGlobals) = postSolution
		SolutionGuid = {89D75F0D-1E53-4CF7-BB75-E591A2E6C9BA}
	EndGlobalSection
EndGlobal
